
Microsoft Visual Studio Solution File, Format Version 12.00
# Visual Studio 14
VisualStudioVersion = 14.0.24720.0
MinimumVisualStudioVersion = 10.0.40219.1
Project("{FAE04EC0-301F-11D3-BF4B-00C04F79EFBC}") = "LuceneSample", "LuceneSample\LuceneSample.csproj", "{B2C83A31-E4C6-4408-A3DF-DB1DB7DE3FCF}"
EndProject
Project("{FAE04EC0-301F-11D3-BF4B-00C04F79EFBC}") = "Lucene", "Lucene\Lucene.csproj", "{8C7F01D6-7FE5-47BC-908C-C50549D66F4C}"
EndProject
Project("{FAE04EC0-301F-11D3-BF4B-00C04F79EFBC}") = "Model", "Model\Model.csproj", "{5D21FC8C-1908-4711-BF95-90F656FB136C}"
EndProject
Project("{FAE04EC0-301F-11D3-BF4B-00C04F79EFBC}") = "DataAccessLayer", "DataAccessLayer\DataAccessLayer.csproj", "{6AF38076-0C0A-4079-B0CD-F68D002A6FC7}"
EndProject
Global
	GlobalSection(SolutionConfigurationPlatforms) = preSolution
		Debug|Any CPU = Debug|Any CPU
		Release|Any CPU = Release|Any CPU
	EndGlobalSection
	GlobalSection(ProjectConfigurationPlatforms) = postSolution
		{B2C83A31-E4C6-4408-A3DF-DB1DB7DE3FCF}.Debug|Any CPU.ActiveCfg = Debug|Any CPU
		{B2C83A31-E4C6-4408-A3DF-DB1DB7DE3FCF}.Debug|Any CPU.Build.0 = Debug|Any CPU
		{B2C83A31-E4C6-4408-A3DF-DB1DB7DE3FCF}.Release|Any CPU.ActiveCfg = Release|Any CPU
		{B2C83A31-E4C6-4408-A3DF-DB1DB7DE3FCF}.Release|Any CPU.Build.0 = Release|Any CPU
		{8C7F01D6-7FE5-47BC-908C-C50549D66F4C}.Debug|Any CPU.ActiveCfg = Debug|Any CPU
		{8C7F01D6-7FE5-47BC-908C-C50549D66F4C}.Debug|Any CPU.Build.0 = Debug|Any CPU
		{8C7F01D6-7FE5-47BC-908C-C50549D66F4C}.Release|Any CPU.ActiveCfg = Release|Any CPU
		{8C7F01D6-7FE5-47BC-908C-C50549D66F4C}.Release|Any CPU.Build.0 = Release|Any CPU
		{5D21FC8C-1908-4711-BF95-90F656FB136C}.Debug|Any CPU.ActiveCfg = Debug|Any CPU
		{5D21FC8C-1908-4711-BF95-90F656FB136C}.Debug|Any CPU.Build.0 = Debug|Any CPU
		{5D21FC8C-1908-4711-BF95-90F656FB136C}.Release|Any CPU.ActiveCfg = Release|Any CPU
		{5D21FC8C-1908-4711-BF95-90F656FB136C}.Release|Any CPU.Build.0 = Release|Any CPU
		{6AF38076-0C0A-4079-B0CD-F68D002A6FC7}.Debug|Any CPU.ActiveCfg = Debug|Any CPU
		{6AF38076-0C0A-4079-B0CD-F68D002A6FC7}.Debug|Any CPU.Build.0 = Debug|Any CPU
		{6AF38076-0C0A-4079-B0CD-F68D002A6FC7}.Release|Any CPU.ActiveCfg = Release|Any CPU
		{6AF38076-0C0A-4079-B0CD-F68D002A6FC7}.Release|Any CPU.Build.0 = Release|Any CPU
	EndGlobalSection
	GlobalSection(SolutionProperties) = preSolution
		HideSolutionNode = FALSE
	EndGlobalSection
EndGlobal
